// !$*UTF8*$!
{
	archiveVersion = 1;
	classes = {
	};
	objectVersion = 60;
	objects = {

/* Begin PBXBuildFile section */
		3705211D2B5519DA00FCB57A /* TitleView.swift in Sources */ = {isa = PBXBuildFile; fileRef = 3705211C2B5519DA00FCB57A /* TitleView.swift */; };
		3705211F2B5545DD00FCB57A /* SearchView.swift in Sources */ = {isa = PBXBuildFile; fileRef = 3705211E2B5545DD00FCB57A /* SearchView.swift */; };
		370521212B555D8300FCB57A /* Color.swift in Sources */ = {isa = PBXBuildFile; fileRef = 370521202B555D8300FCB57A /* Color.swift */; };
		370A25C42B56C630000F66F6 /* ProfileView.swift in Sources */ = {isa = PBXBuildFile; fileRef = 370A25C32B56C630000F66F6 /* ProfileView.swift */; };
		3742280E2B53BF8100621324 /* TabItem.swift in Sources */ = {isa = PBXBuildFile; fileRef = 3742280D2B53BF8100621324 /* TabItem.swift */; };
		3742281A2B54113400621324 /* FavoriteRouter.swift in Sources */ = {isa = PBXBuildFile; fileRef = 374228192B54113400621324 /* FavoriteRouter.swift */; };
		3742281E2B54145000621324 /* FavoriteView.swift in Sources */ = {isa = PBXBuildFile; fileRef = 3742281D2B54145000621324 /* FavoriteView.swift */; };
		374228202B5419BE00621324 /* FavoriteRows.swift in Sources */ = {isa = PBXBuildFile; fileRef = 3742281F2B5419BE00621324 /* FavoriteRows.swift */; };
		376564702B512A3500236EDD /* RealmCapi in Frameworks */ = {isa = PBXBuildFile; productRef = 3765646F2B512A3500236EDD /* RealmCapi */; };
		376564722B512A3500236EDD /* RealmCore in Frameworks */ = {isa = PBXBuildFile; productRef = 376564712B512A3500236EDD /* RealmCore */; };
		376564742B512A3500236EDD /* RealmFFI in Frameworks */ = {isa = PBXBuildFile; productRef = 376564732B512A3500236EDD /* RealmFFI */; };
		376564762B512A3500236EDD /* RealmQueryParser in Frameworks */ = {isa = PBXBuildFile; productRef = 376564752B512A3500236EDD /* RealmQueryParser */; };
		376564782B512C2D00236EDD /* Realm in Frameworks */ = {isa = PBXBuildFile; productRef = 376564772B512C2D00236EDD /* Realm */; };
		3765647A2B512C2D00236EDD /* RealmSwift in Frameworks */ = {isa = PBXBuildFile; productRef = 376564792B512C2D00236EDD /* RealmSwift */; };
		377704FA2B4BAE7F00AF6D3D /* RawgExpertApp.swift in Sources */ = {isa = PBXBuildFile; fileRef = 377704F92B4BAE7F00AF6D3D /* RawgExpertApp.swift */; };
		377704FC2B4BAE7F00AF6D3D /* ContentView.swift in Sources */ = {isa = PBXBuildFile; fileRef = 377704FB2B4BAE7F00AF6D3D /* ContentView.swift */; };
		377704FE2B4BAE8100AF6D3D /* Assets.xcassets in Resources */ = {isa = PBXBuildFile; fileRef = 377704FD2B4BAE8100AF6D3D /* Assets.xcassets */; };
		377705012B4BAE8100AF6D3D /* Preview Assets.xcassets in Resources */ = {isa = PBXBuildFile; fileRef = 377705002B4BAE8100AF6D3D /* Preview Assets.xcassets */; };
		377705082B4BAEC100AF6D3D /* Network.swift in Sources */ = {isa = PBXBuildFile; fileRef = 377705072B4BAEC100AF6D3D /* Network.swift */; };
		3777050B2B4BB03F00AF6D3D /* Alamofire in Frameworks */ = {isa = PBXBuildFile; productRef = 3777050A2B4BB03F00AF6D3D /* Alamofire */; };
		3777051E2B4EC1F700AF6D3D /* HomeView.swift in Sources */ = {isa = PBXBuildFile; fileRef = 3777051D2B4EC1F700AF6D3D /* HomeView.swift */; };
		377705202B4EC46A00AF6D3D /* GamesRows.swift in Sources */ = {isa = PBXBuildFile; fileRef = 3777051F2B4EC46A00AF6D3D /* GamesRows.swift */; };
		377705222B4ECA3B00AF6D3D /* DependencyInjection.swift in Sources */ = {isa = PBXBuildFile; fileRef = 377705212B4ECA3B00AF6D3D /* DependencyInjection.swift */; };
		377705502B50307B00AF6D3D /* DetailView.swift in Sources */ = {isa = PBXBuildFile; fileRef = 3777054F2B50307B00AF6D3D /* DetailView.swift */; };
		377705532B50456600AF6D3D /* HomeRouter.swift in Sources */ = {isa = PBXBuildFile; fileRef = 377705522B50456600AF6D3D /* HomeRouter.swift */; };
		37BF5A4C2B60EA700046D4D4 /* Detail in Frameworks */ = {isa = PBXBuildFile; productRef = 37BF5A4B2B60EA700046D4D4 /* Detail */; };
		37BF5A4F2B60EA910046D4D4 /* Favorite in Frameworks */ = {isa = PBXBuildFile; productRef = 37BF5A4E2B60EA910046D4D4 /* Favorite */; };
		37BF5A522B60EB3B0046D4D4 /* Games in Frameworks */ = {isa = PBXBuildFile; productRef = 37BF5A512B60EB3B0046D4D4 /* Games */; };
		37BF5A5C2B60EE320046D4D4 /* Core in Frameworks */ = {isa = PBXBuildFile; productRef = 37BF5A5B2B60EE320046D4D4 /* Core */; };
		37C33BC42B60242A00F2EBEF /* codemagic.yaml in Resources */ = {isa = PBXBuildFile; fileRef = 37C33BC32B60242A00F2EBEF /* codemagic.yaml */; };
		37C33BC82B6026CD00F2EBEF /* .swiftlint.yml in Resources */ = {isa = PBXBuildFile; fileRef = 37C33BC72B6026CD00F2EBEF /* .swiftlint.yml */; };
/* End PBXBuildFile section */

/* Begin PBXContainerItemProxy section */
		3777052B2B4EF2F000AF6D3D /* PBXContainerItemProxy */ = {
			isa = PBXContainerItemProxy;
			containerPortal = 377704EE2B4BAE7F00AF6D3D /* Project object */;
			proxyType = 1;
			remoteGlobalIDString = 377704F52B4BAE7F00AF6D3D;
			remoteInfo = RawgExpert;
		};
/* End PBXContainerItemProxy section */

/* Begin PBXFileReference section */
		3705211C2B5519DA00FCB57A /* TitleView.swift */ = {isa = PBXFileReference; lastKnownFileType = sourcecode.swift; path = TitleView.swift; sourceTree = "<group>"; };
		3705211E2B5545DD00FCB57A /* SearchView.swift */ = {isa = PBXFileReference; lastKnownFileType = sourcecode.swift; path = SearchView.swift; sourceTree = "<group>"; };
		370521202B555D8300FCB57A /* Color.swift */ = {isa = PBXFileReference; lastKnownFileType = sourcecode.swift; path = Color.swift; sourceTree = "<group>"; };
		370A25C32B56C630000F66F6 /* ProfileView.swift */ = {isa = PBXFileReference; lastKnownFileType = sourcecode.swift; path = ProfileView.swift; sourceTree = "<group>"; };
		3742280D2B53BF8100621324 /* TabItem.swift */ = {isa = PBXFileReference; lastKnownFileType = sourcecode.swift; path = TabItem.swift; sourceTree = "<group>"; };
		374228192B54113400621324 /* FavoriteRouter.swift */ = {isa = PBXFileReference; lastKnownFileType = sourcecode.swift; path = FavoriteRouter.swift; sourceTree = "<group>"; };
		3742281D2B54145000621324 /* FavoriteView.swift */ = {isa = PBXFileReference; lastKnownFileType = sourcecode.swift; path = FavoriteView.swift; sourceTree = "<group>"; };
		3742281F2B5419BE00621324 /* FavoriteRows.swift */ = {isa = PBXFileReference; lastKnownFileType = sourcecode.swift; path = FavoriteRows.swift; sourceTree = "<group>"; };
		377704F62B4BAE7F00AF6D3D /* RawgExpert.app */ = {isa = PBXFileReference; explicitFileType = wrapper.application; includeInIndex = 0; path = RawgExpert.app; sourceTree = BUILT_PRODUCTS_DIR; };
		377704F92B4BAE7F00AF6D3D /* RawgExpertApp.swift */ = {isa = PBXFileReference; lastKnownFileType = sourcecode.swift; path = RawgExpertApp.swift; sourceTree = "<group>"; };
		377704FB2B4BAE7F00AF6D3D /* ContentView.swift */ = {isa = PBXFileReference; lastKnownFileType = sourcecode.swift; path = ContentView.swift; sourceTree = "<group>"; };
		377704FD2B4BAE8100AF6D3D /* Assets.xcassets */ = {isa = PBXFileReference; lastKnownFileType = folder.assetcatalog; path = Assets.xcassets; sourceTree = "<group>"; };
		377705002B4BAE8100AF6D3D /* Preview Assets.xcassets */ = {isa = PBXFileReference; lastKnownFileType = folder.assetcatalog; path = "Preview Assets.xcassets"; sourceTree = "<group>"; };
		377705072B4BAEC100AF6D3D /* Network.swift */ = {isa = PBXFileReference; lastKnownFileType = sourcecode.swift; path = Network.swift; sourceTree = "<group>"; };
		3777050C2B4BD9EC00AF6D3D /* Info.plist */ = {isa = PBXFileReference; lastKnownFileType = text.plist.xml; path = Info.plist; sourceTree = "<group>"; };
		3777051D2B4EC1F700AF6D3D /* HomeView.swift */ = {isa = PBXFileReference; lastKnownFileType = sourcecode.swift; path = HomeView.swift; sourceTree = "<group>"; };
		3777051F2B4EC46A00AF6D3D /* GamesRows.swift */ = {isa = PBXFileReference; lastKnownFileType = sourcecode.swift; path = GamesRows.swift; sourceTree = "<group>"; };
		377705212B4ECA3B00AF6D3D /* DependencyInjection.swift */ = {isa = PBXFileReference; lastKnownFileType = sourcecode.swift; path = DependencyInjection.swift; sourceTree = "<group>"; };
		377705272B4EF2F000AF6D3D /* RawgExpertTests.xctest */ = {isa = PBXFileReference; explicitFileType = wrapper.cfbundle; includeInIndex = 0; path = RawgExpertTests.xctest; sourceTree = BUILT_PRODUCTS_DIR; };
		3777054F2B50307B00AF6D3D /* DetailView.swift */ = {isa = PBXFileReference; lastKnownFileType = sourcecode.swift; path = DetailView.swift; sourceTree = "<group>"; };
		377705522B50456600AF6D3D /* HomeRouter.swift */ = {isa = PBXFileReference; lastKnownFileType = sourcecode.swift; path = HomeRouter.swift; sourceTree = "<group>"; };
		37BF5A5F2B60F5270046D4D4 /* Detail */ = {isa = PBXFileReference; lastKnownFileType = wrapper; name = Detail; path = ../../Module/Detail; sourceTree = "<group>"; };
		37BF5A602B60F5270046D4D4 /* Core */ = {isa = PBXFileReference; lastKnownFileType = wrapper; name = Core; path = ../../Module/Core; sourceTree = "<group>"; };
		37BF5A612B60F5270046D4D4 /* Games */ = {isa = PBXFileReference; lastKnownFileType = wrapper; name = Games; path = ../../Module/Games; sourceTree = "<group>"; };
		37BF5A622B60F5270046D4D4 /* Favorite */ = {isa = PBXFileReference; lastKnownFileType = wrapper; name = Favorite; path = ../../Module/Favorite; sourceTree = "<group>"; };
		37C33BC32B60242A00F2EBEF /* codemagic.yaml */ = {isa = PBXFileReference; fileEncoding = 4; lastKnownFileType = text.yaml; path = codemagic.yaml; sourceTree = "<group>"; };
		37C33BC72B6026CD00F2EBEF /* .swiftlint.yml */ = {isa = PBXFileReference; lastKnownFileType = text.yaml; path = .swiftlint.yml; sourceTree = "<group>"; };
/* End PBXFileReference section */

/* Begin PBXFrameworksBuildPhase section */
		377704F32B4BAE7F00AF6D3D /* Frameworks */ = {
			isa = PBXFrameworksBuildPhase;
			buildActionMask = 2147483647;
			files = (
				37BF5A522B60EB3B0046D4D4 /* Games in Frameworks */,
				376564782B512C2D00236EDD /* Realm in Frameworks */,
				3777050B2B4BB03F00AF6D3D /* Alamofire in Frameworks */,
				37BF5A5C2B60EE320046D4D4 /* Core in Frameworks */,
				3765647A2B512C2D00236EDD /* RealmSwift in Frameworks */,
				376564702B512A3500236EDD /* RealmCapi in Frameworks */,
				37BF5A4F2B60EA910046D4D4 /* Favorite in Frameworks */,
				376564742B512A3500236EDD /* RealmFFI in Frameworks */,
				376564722B512A3500236EDD /* RealmCore in Frameworks */,
				37BF5A4C2B60EA700046D4D4 /* Detail in Frameworks */,
				376564762B512A3500236EDD /* RealmQueryParser in Frameworks */,
			);
			runOnlyForDeploymentPostprocessing = 0;
		};
		377705242B4EF2F000AF6D3D /* Frameworks */ = {
			isa = PBXFrameworksBuildPhase;
			buildActionMask = 2147483647;
			files = (
			);
			runOnlyForDeploymentPostprocessing = 0;
		};
/* End PBXFrameworksBuildPhase section */

/* Begin PBXGroup section */
		370521232B55614F00FCB57A /* View */ = {
			isa = PBXGroup;
			children = (
				3742280D2B53BF8100621324 /* TabItem.swift */,
				3705211C2B5519DA00FCB57A /* TitleView.swift */,
				3705211E2B5545DD00FCB57A /* SearchView.swift */,
			);
			path = View;
			sourceTree = "<group>";
		};
		370A25C22B56C5AF000F66F6 /* View */ = {
			isa = PBXGroup;
			children = (
				370A25C32B56C630000F66F6 /* ProfileView.swift */,
			);
			path = View;
			sourceTree = "<group>";
		};
		370A25CA2B56EB3E000F66F6 /* API */ = {
			isa = PBXGroup;
			children = (
				377705072B4BAEC100AF6D3D /* Network.swift */,
			);
			path = API;
			sourceTree = "<group>";
		};
		370A25CB2B56EB76000F66F6 /* Extention */ = {
			isa = PBXGroup;
			children = (
				370521202B555D8300FCB57A /* Color.swift */,
			);
			path = Extention;
			sourceTree = "<group>";
		};
		374228162B5410E300621324 /* Router */ = {
			isa = PBXGroup;
			children = (
				374228192B54113400621324 /* FavoriteRouter.swift */,
			);
			path = Router;
			sourceTree = "<group>";
		};
		374228182B5410FD00621324 /* View */ = {
			isa = PBXGroup;
			children = (
				3742281D2B54145000621324 /* FavoriteView.swift */,
				3742281F2B5419BE00621324 /* FavoriteRows.swift */,
			);
			path = View;
			sourceTree = "<group>";
		};
		377704ED2B4BAE7F00AF6D3D = {
			isa = PBXGroup;
			children = (
				37BF5A5D2B60F4F50046D4D4 /* Module */,
				37C33BC72B6026CD00F2EBEF /* .swiftlint.yml */,
				37C33BC32B60242A00F2EBEF /* codemagic.yaml */,
				377704F82B4BAE7F00AF6D3D /* RawgExpert */,
				377704F72B4BAE7F00AF6D3D /* Products */,
				37D3A4952B5D00F7002A1DD7 /* Frameworks */,
			);
			sourceTree = "<group>";
		};
		377704F72B4BAE7F00AF6D3D /* Products */ = {
			isa = PBXGroup;
			children = (
				377704F62B4BAE7F00AF6D3D /* RawgExpert.app */,
				377705272B4EF2F000AF6D3D /* RawgExpertTests.xctest */,
			);
			name = Products;
			sourceTree = "<group>";
		};
		377704F82B4BAE7F00AF6D3D /* RawgExpert */ = {
			isa = PBXGroup;
			children = (
				37D3A4992B5ED084002A1DD7 /* UI */,
				377704F92B4BAE7F00AF6D3D /* RawgExpertApp.swift */,
				377704FB2B4BAE7F00AF6D3D /* ContentView.swift */,
				3777050C2B4BD9EC00AF6D3D /* Info.plist */,
				377704FD2B4BAE8100AF6D3D /* Assets.xcassets */,
				377704FF2B4BAE8100AF6D3D /* Preview Content */,
				377705352B50057600AF6D3D /* DI */,
				3777053D2B50073D00AF6D3D /* Utilities */,
			);
			path = RawgExpert;
			sourceTree = "<group>";
		};
		377704FF2B4BAE8100AF6D3D /* Preview Content */ = {
			isa = PBXGroup;
			children = (
				377705002B4BAE8100AF6D3D /* Preview Assets.xcassets */,
			);
			path = "Preview Content";
			sourceTree = "<group>";
		};
		377705352B50057600AF6D3D /* DI */ = {
			isa = PBXGroup;
			children = (
				377705212B4ECA3B00AF6D3D /* DependencyInjection.swift */,
			);
			path = DI;
			sourceTree = "<group>";
		};
		377705372B5005A900AF6D3D /* View */ = {
			isa = PBXGroup;
			children = (
				3777051D2B4EC1F700AF6D3D /* HomeView.swift */,
				3777051F2B4EC46A00AF6D3D /* GamesRows.swift */,
			);
			path = View;
			sourceTree = "<group>";
		};
		3777053D2B50073D00AF6D3D /* Utilities */ = {
			isa = PBXGroup;
			children = (
				370521232B55614F00FCB57A /* View */,
				370A25CA2B56EB3E000F66F6 /* API */,
				370A25CB2B56EB76000F66F6 /* Extention */,
			);
			path = Utilities;
			sourceTree = "<group>";
		};
		3777054E2B50306400AF6D3D /* View */ = {
			isa = PBXGroup;
			children = (
				3777054F2B50307B00AF6D3D /* DetailView.swift */,
			);
			path = View;
			sourceTree = "<group>";
		};
		377705512B50455300AF6D3D /* Router */ = {
			isa = PBXGroup;
			children = (
				377705522B50456600AF6D3D /* HomeRouter.swift */,
			);
			path = Router;
			sourceTree = "<group>";
		};
		37BF5A5D2B60F4F50046D4D4 /* Module */ = {
			isa = PBXGroup;
			children = (
				37BF5A602B60F5270046D4D4 /* Core */,
				37BF5A5F2B60F5270046D4D4 /* Detail */,
				37BF5A622B60F5270046D4D4 /* Favorite */,
				37BF5A612B60F5270046D4D4 /* Games */,
			);
			path = Module;
			sourceTree = "<group>";
		};
		37D3A4952B5D00F7002A1DD7 /* Frameworks */ = {
			isa = PBXGroup;
			children = (
			);
			name = Frameworks;
			sourceTree = "<group>";
		};
		37D3A4992B5ED084002A1DD7 /* UI */ = {
			isa = PBXGroup;
			children = (
				37D3A49A2B5ED0C3002A1DD7 /* Home */,
				37D3A49B2B5ED0D5002A1DD7 /* Detail */,
				37D3A49C2B5ED0EB002A1DD7 /* Favorite */,
				37D3A49D2B5ED0F6002A1DD7 /* Profile */,
			);
			path = UI;
			sourceTree = "<group>";
		};
		37D3A49A2B5ED0C3002A1DD7 /* Home */ = {
			isa = PBXGroup;
			children = (
				377705372B5005A900AF6D3D /* View */,
				377705512B50455300AF6D3D /* Router */,
			);
			path = Home;
			sourceTree = "<group>";
		};
		37D3A49B2B5ED0D5002A1DD7 /* Detail */ = {
			isa = PBXGroup;
			children = (
				3777054E2B50306400AF6D3D /* View */,
			);
			path = Detail;
			sourceTree = "<group>";
		};
		37D3A49C2B5ED0EB002A1DD7 /* Favorite */ = {
			isa = PBXGroup;
			children = (
				374228162B5410E300621324 /* Router */,
				374228182B5410FD00621324 /* View */,
			);
			path = Favorite;
			sourceTree = "<group>";
		};
		37D3A49D2B5ED0F6002A1DD7 /* Profile */ = {
			isa = PBXGroup;
			children = (
				370A25C22B56C5AF000F66F6 /* View */,
			);
			path = Profile;
			sourceTree = "<group>";
		};
/* End PBXGroup section */

/* Begin PBXNativeTarget section */
		377704F52B4BAE7F00AF6D3D /* RawgExpert */ = {
			isa = PBXNativeTarget;
			buildConfigurationList = 377705042B4BAE8100AF6D3D /* Build configuration list for PBXNativeTarget "RawgExpert" */;
			buildPhases = (
				377704F22B4BAE7F00AF6D3D /* Sources */,
				377704F32B4BAE7F00AF6D3D /* Frameworks */,
				377704F42B4BAE7F00AF6D3D /* Resources */,
				370A25CC2B56F48D000F66F6 /* ShellScript */,
			);
			buildRules = (
			);
			dependencies = (
			);
			name = RawgExpert;
			packageProductDependencies = (
				3777050A2B4BB03F00AF6D3D /* Alamofire */,
				3765646F2B512A3500236EDD /* RealmCapi */,
				376564712B512A3500236EDD /* RealmCore */,
				376564732B512A3500236EDD /* RealmFFI */,
				376564752B512A3500236EDD /* RealmQueryParser */,
				376564772B512C2D00236EDD /* Realm */,
				376564792B512C2D00236EDD /* RealmSwift */,
				37BF5A4B2B60EA700046D4D4 /* Detail */,
				37BF5A4E2B60EA910046D4D4 /* Favorite */,
				37BF5A512B60EB3B0046D4D4 /* Games */,
				37BF5A5B2B60EE320046D4D4 /* Core */,
			);
			productName = RawgExpert;
			productReference = 377704F62B4BAE7F00AF6D3D /* RawgExpert.app */;
			productType = "com.apple.product-type.application";
		};
		377705262B4EF2F000AF6D3D /* RawgExpertTests */ = {
			isa = PBXNativeTarget;
			buildConfigurationList = 3777052D2B4EF2F000AF6D3D /* Build configuration list for PBXNativeTarget "RawgExpertTests" */;
			buildPhases = (
				377705232B4EF2F000AF6D3D /* Sources */,
				377705242B4EF2F000AF6D3D /* Frameworks */,
				377705252B4EF2F000AF6D3D /* Resources */,
			);
			buildRules = (
			);
			dependencies = (
				3777052C2B4EF2F000AF6D3D /* PBXTargetDependency */,
			);
			name = RawgExpertTests;
			productName = RawgExpertTests;
			productReference = 377705272B4EF2F000AF6D3D /* RawgExpertTests.xctest */;
			productType = "com.apple.product-type.bundle.unit-test";
		};
/* End PBXNativeTarget section */

/* Begin PBXProject section */
		377704EE2B4BAE7F00AF6D3D /* Project object */ = {
			isa = PBXProject;
			attributes = {
				BuildIndependentTargetsInParallel = 1;
				LastSwiftUpdateCheck = 1510;
				LastUpgradeCheck = 1510;
				TargetAttributes = {
					377704F52B4BAE7F00AF6D3D = {
						CreatedOnToolsVersion = 15.1;
					};
					377705262B4EF2F000AF6D3D = {
						CreatedOnToolsVersion = 15.1;
						TestTargetID = 377704F52B4BAE7F00AF6D3D;
					};
				};
			};
			buildConfigurationList = 377704F12B4BAE7F00AF6D3D /* Build configuration list for PBXProject "RawgExpert" */;
			compatibilityVersion = "Xcode 14.0";
			developmentRegion = en;
			hasScannedForEncodings = 0;
			knownRegions = (
				en,
				Base,
			);
			mainGroup = 377704ED2B4BAE7F00AF6D3D;
			packageReferences = (
				377705092B4BB03F00AF6D3D /* XCRemoteSwiftPackageReference "Alamofire" */,
				3765646B2B51277300236EDD /* XCRemoteSwiftPackageReference "realm-swift" */,
				3765646E2B512A3500236EDD /* XCRemoteSwiftPackageReference "realm-core" */,
				37BF5A4A2B60EA700046D4D4 /* XCLocalSwiftPackageReference "../Module/Detail" */,
				37BF5A4D2B60EA910046D4D4 /* XCLocalSwiftPackageReference "../Module/Favorite" */,
				37BF5A502B60EB3B0046D4D4 /* XCLocalSwiftPackageReference "../Module/Games" */,
				37BF5A5A2B60EE320046D4D4 /* XCLocalSwiftPackageReference "../Module/Core" */,
			);
			productRefGroup = 377704F72B4BAE7F00AF6D3D /* Products */;
			projectDirPath = "";
			projectRoot = "";
			targets = (
				377704F52B4BAE7F00AF6D3D /* RawgExpert */,
				377705262B4EF2F000AF6D3D /* RawgExpertTests */,
			);
		};
/* End PBXProject section */

/* Begin PBXResourcesBuildPhase section */
		377704F42B4BAE7F00AF6D3D /* Resources */ = {
			isa = PBXResourcesBuildPhase;
			buildActionMask = 2147483647;
			files = (
				37C33BC82B6026CD00F2EBEF /* .swiftlint.yml in Resources */,
				37C33BC42B60242A00F2EBEF /* codemagic.yaml in Resources */,
				377705012B4BAE8100AF6D3D /* Preview Assets.xcassets in Resources */,
				377704FE2B4BAE8100AF6D3D /* Assets.xcassets in Resources */,
			);
			runOnlyForDeploymentPostprocessing = 0;
		};
		377705252B4EF2F000AF6D3D /* Resources */ = {
			isa = PBXResourcesBuildPhase;
			buildActionMask = 2147483647;
			files = (
			);
			runOnlyForDeploymentPostprocessing = 0;
		};
/* End PBXResourcesBuildPhase section */

/* Begin PBXShellScriptBuildPhase section */
		370A25CC2B56F48D000F66F6 /* ShellScript */ = {
			isa = PBXShellScriptBuildPhase;
			alwaysOutOfDate = 1;
			buildActionMask = 2147483647;
			files = (
			);
			inputFileListPaths = (
			);
			inputPaths = (
			);
			outputFileListPaths = (
			);
			outputPaths = (
			);
			runOnlyForDeploymentPostprocessing = 0;
			shellPath = /bin/sh;
			shellScript = "# Type a script or drag a script file from your workspace to insert its path.\nif [[ \"$(uname -m)\" == arm64 ]]; then\n    export PATH=\"/opt/homebrew/bin:$PATH\"\nfi\n\nif which swiftlint > /dev/null; then\n  swiftlint\nelse\n  echo \"warning: SwiftLint not installed, download from https://github.com/realm/SwiftLint\"\nfi\n";
		};
/* End PBXShellScriptBuildPhase section */

/* Begin PBXSourcesBuildPhase section */
		377704F22B4BAE7F00AF6D3D /* Sources */ = {
			isa = PBXSourcesBuildPhase;
			buildActionMask = 2147483647;
			files = (
				377705202B4EC46A00AF6D3D /* GamesRows.swift in Sources */,
				377704FC2B4BAE7F00AF6D3D /* ContentView.swift in Sources */,
				374228202B5419BE00621324 /* FavoriteRows.swift in Sources */,
				3705211F2B5545DD00FCB57A /* SearchView.swift in Sources */,
				377705222B4ECA3B00AF6D3D /* DependencyInjection.swift in Sources */,
				377704FA2B4BAE7F00AF6D3D /* RawgExpertApp.swift in Sources */,
				3705211D2B5519DA00FCB57A /* TitleView.swift in Sources */,
				3742280E2B53BF8100621324 /* TabItem.swift in Sources */,
				370521212B555D8300FCB57A /* Color.swift in Sources */,
				3742281E2B54145000621324 /* FavoriteView.swift in Sources */,
				377705502B50307B00AF6D3D /* DetailView.swift in Sources */,
				3777051E2B4EC1F700AF6D3D /* HomeView.swift in Sources */,
				370A25C42B56C630000F66F6 /* ProfileView.swift in Sources */,
				377705082B4BAEC100AF6D3D /* Network.swift in Sources */,
				3742281A2B54113400621324 /* FavoriteRouter.swift in Sources */,
				377705532B50456600AF6D3D /* HomeRouter.swift in Sources */,
			);
			runOnlyForDeploymentPostprocessing = 0;
		};
		377705232B4EF2F000AF6D3D /* Sources */ = {
			isa = PBXSourcesBuildPhase;
			buildActionMask = 2147483647;
			files = (
			);
			runOnlyForDeploymentPostprocessing = 0;
		};
/* End PBXSourcesBuildPhase section */

/* Begin PBXTargetDependency section */
		3777052C2B4EF2F000AF6D3D /* PBXTargetDependency */ = {
			isa = PBXTargetDependency;
			target = 377704F52B4BAE7F00AF6D3D /* RawgExpert */;
			targetProxy = 3777052B2B4EF2F000AF6D3D /* PBXContainerItemProxy */;
		};
/* End PBXTargetDependency section */

/* Begin XCBuildConfiguration section */
		377705022B4BAE8100AF6D3D /* Debug */ = {
			isa = XCBuildConfiguration;
			buildSettings = {
				ALWAYS_SEARCH_USER_PATHS = NO;
				ASSETCATALOG_COMPILER_GENERATE_SWIFT_ASSET_SYMBOL_EXTENSIONS = YES;
				CLANG_ANALYZER_NONNULL = YES;
				CLANG_ANALYZER_NUMBER_OBJECT_CONVERSION = YES_AGGRESSIVE;
				CLANG_CXX_LANGUAGE_STANDARD = "gnu++20";
				CLANG_ENABLE_MODULES = YES;
				CLANG_ENABLE_OBJC_ARC = YES;
				CLANG_ENABLE_OBJC_WEAK = YES;
				CLANG_WARN_BLOCK_CAPTURE_AUTORELEASING = YES;
				CLANG_WARN_BOOL_CONVERSION = YES;
				CLANG_WARN_COMMA = YES;
				CLANG_WARN_CONSTANT_CONVERSION = YES;
				CLANG_WARN_DEPRECATED_OBJC_IMPLEMENTATIONS = YES;
				CLANG_WARN_DIRECT_OBJC_ISA_USAGE = YES_ERROR;
				CLANG_WARN_DOCUMENTATION_COMMENTS = YES;
				CLANG_WARN_EMPTY_BODY = YES;
				CLANG_WARN_ENUM_CONVERSION = YES;
				CLANG_WARN_INFINITE_RECURSION = YES;
				CLANG_WARN_INT_CONVERSION = YES;
				CLANG_WARN_NON_LITERAL_NULL_CONVERSION = YES;
				CLANG_WARN_OBJC_IMPLICIT_RETAIN_SELF = YES;
				CLANG_WARN_OBJC_LITERAL_CONVERSION = YES;
				CLANG_WARN_OBJC_ROOT_CLASS = YES_ERROR;
				CLANG_WARN_QUOTED_INCLUDE_IN_FRAMEWORK_HEADER = YES;
				CLANG_WARN_RANGE_LOOP_ANALYSIS = YES;
				CLANG_WARN_STRICT_PROTOTYPES = YES;
				CLANG_WARN_SUSPICIOUS_MOVE = YES;
				CLANG_WARN_UNGUARDED_AVAILABILITY = YES_AGGRESSIVE;
				CLANG_WARN_UNREACHABLE_CODE = YES;
				CLANG_WARN__DUPLICATE_METHOD_MATCH = YES;
				COPY_PHASE_STRIP = NO;
				DEBUG_INFORMATION_FORMAT = dwarf;
				ENABLE_STRICT_OBJC_MSGSEND = YES;
				ENABLE_TESTABILITY = YES;
				ENABLE_USER_SCRIPT_SANDBOXING = YES;
				GCC_C_LANGUAGE_STANDARD = gnu17;
				GCC_DYNAMIC_NO_PIC = NO;
				GCC_NO_COMMON_BLOCKS = YES;
				GCC_OPTIMIZATION_LEVEL = 0;
				GCC_PREPROCESSOR_DEFINITIONS = (
					"DEBUG=1",
					"$(inherited)",
				);
				GCC_WARN_64_TO_32_BIT_CONVERSION = YES;
				GCC_WARN_ABOUT_RETURN_TYPE = YES_ERROR;
				GCC_WARN_UNDECLARED_SELECTOR = YES;
				GCC_WARN_UNINITIALIZED_AUTOS = YES_AGGRESSIVE;
				GCC_WARN_UNUSED_FUNCTION = YES;
				GCC_WARN_UNUSED_VARIABLE = YES;
				IPHONEOS_DEPLOYMENT_TARGET = 17.2;
				LOCALIZATION_PREFERS_STRING_CATALOGS = YES;
				MTL_ENABLE_DEBUG_INFO = INCLUDE_SOURCE;
				MTL_FAST_MATH = YES;
				ONLY_ACTIVE_ARCH = YES;
				SDKROOT = iphoneos;
				SWIFT_ACTIVE_COMPILATION_CONDITIONS = "DEBUG $(inherited)";
				SWIFT_OPTIMIZATION_LEVEL = "-Onone";
			};
			name = Debug;
		};
		377705032B4BAE8100AF6D3D /* Release */ = {
			isa = XCBuildConfiguration;
			buildSettings = {
				ALWAYS_SEARCH_USER_PATHS = NO;
				ASSETCATALOG_COMPILER_GENERATE_SWIFT_ASSET_SYMBOL_EXTENSIONS = YES;
				CLANG_ANALYZER_NONNULL = YES;
				CLANG_ANALYZER_NUMBER_OBJECT_CONVERSION = YES_AGGRESSIVE;
				CLANG_CXX_LANGUAGE_STANDARD = "gnu++20";
				CLANG_ENABLE_MODULES = YES;
				CLANG_ENABLE_OBJC_ARC = YES;
				CLANG_ENABLE_OBJC_WEAK = YES;
				CLANG_WARN_BLOCK_CAPTURE_AUTORELEASING = YES;
				CLANG_WARN_BOOL_CONVERSION = YES;
				CLANG_WARN_COMMA = YES;
				CLANG_WARN_CONSTANT_CONVERSION = YES;
				CLANG_WARN_DEPRECATED_OBJC_IMPLEMENTATIONS = YES;
				CLANG_WARN_DIRECT_OBJC_ISA_USAGE = YES_ERROR;
				CLANG_WARN_DOCUMENTATION_COMMENTS = YES;
				CLANG_WARN_EMPTY_BODY = YES;
				CLANG_WARN_ENUM_CONVERSION = YES;
				CLANG_WARN_INFINITE_RECURSION = YES;
				CLANG_WARN_INT_CONVERSION = YES;
				CLANG_WARN_NON_LITERAL_NULL_CONVERSION = YES;
				CLANG_WARN_OBJC_IMPLICIT_RETAIN_SELF = YES;
				CLANG_WARN_OBJC_LITERAL_CONVERSION = YES;
				CLANG_WARN_OBJC_ROOT_CLASS = YES_ERROR;
				CLANG_WARN_QUOTED_INCLUDE_IN_FRAMEWORK_HEADER = YES;
				CLANG_WARN_RANGE_LOOP_ANALYSIS = YES;
				CLANG_WARN_STRICT_PROTOTYPES = YES;
				CLANG_WARN_SUSPICIOUS_MOVE = YES;
				CLANG_WARN_UNGUARDED_AVAILABILITY = YES_AGGRESSIVE;
				CLANG_WARN_UNREACHABLE_CODE = YES;
				CLANG_WARN__DUPLICATE_METHOD_MATCH = YES;
				COPY_PHASE_STRIP = NO;
				DEBUG_INFORMATION_FORMAT = "dwarf-with-dsym";
				ENABLE_NS_ASSERTIONS = NO;
				ENABLE_STRICT_OBJC_MSGSEND = YES;
				ENABLE_USER_SCRIPT_SANDBOXING = YES;
				GCC_C_LANGUAGE_STANDARD = gnu17;
				GCC_NO_COMMON_BLOCKS = YES;
				GCC_WARN_64_TO_32_BIT_CONVERSION = YES;
				GCC_WARN_ABOUT_RETURN_TYPE = YES_ERROR;
				GCC_WARN_UNDECLARED_SELECTOR = YES;
				GCC_WARN_UNINITIALIZED_AUTOS = YES_AGGRESSIVE;
				GCC_WARN_UNUSED_FUNCTION = YES;
				GCC_WARN_UNUSED_VARIABLE = YES;
				IPHONEOS_DEPLOYMENT_TARGET = 17.2;
				LOCALIZATION_PREFERS_STRING_CATALOGS = YES;
				MTL_ENABLE_DEBUG_INFO = NO;
				MTL_FAST_MATH = YES;
				SDKROOT = iphoneos;
				SWIFT_COMPILATION_MODE = wholemodule;
				VALIDATE_PRODUCT = YES;
			};
			name = Release;
		};
		377705052B4BAE8100AF6D3D /* Debug */ = {
			isa = XCBuildConfiguration;
			buildSettings = {
				ASSETCATALOG_COMPILER_APPICON_NAME = AppIcon;
				ASSETCATALOG_COMPILER_GLOBAL_ACCENT_COLOR_NAME = AccentColor;
				CODE_SIGN_STYLE = Automatic;
				CURRENT_PROJECT_VERSION = 1;
				DEVELOPMENT_ASSET_PATHS = "\"RawgExpert/Preview Content\"";
				DEVELOPMENT_TEAM = "";
				ENABLE_PREVIEWS = YES;
				ENABLE_USER_SCRIPT_SANDBOXING = NO;
				GENERATE_INFOPLIST_FILE = YES;
				INFOPLIST_FILE = RawgExpert/Info.plist;
				INFOPLIST_KEY_UIApplicationSceneManifest_Generation = YES;
				INFOPLIST_KEY_UIApplicationSupportsIndirectInputEvents = YES;
				INFOPLIST_KEY_UILaunchScreen_Generation = YES;
				INFOPLIST_KEY_UISupportedInterfaceOrientations_iPad = "UIInterfaceOrientationPortrait UIInterfaceOrientationPortraitUpsideDown UIInterfaceOrientationLandscapeLeft UIInterfaceOrientationLandscapeRight";
				INFOPLIST_KEY_UISupportedInterfaceOrientations_iPhone = "UIInterfaceOrientationPortrait UIInterfaceOrientationLandscapeLeft UIInterfaceOrientationLandscapeRight";
				LD_RUNPATH_SEARCH_PATHS = (
					"$(inherited)",
					"@executable_path/Frameworks",
				);
				MARKETING_VERSION = 1.0;
				PRODUCT_BUNDLE_IDENTIFIER = com.dicoding.RawgExpert;
				PRODUCT_NAME = "$(TARGET_NAME)";
				SWIFT_EMIT_LOC_STRINGS = YES;
				SWIFT_VERSION = 5.0;
				TARGETED_DEVICE_FAMILY = "1,2";
			};
			name = Debug;
		};
		377705062B4BAE8100AF6D3D /* Release */ = {
			isa = XCBuildConfiguration;
			buildSettings = {
				ASSETCATALOG_COMPILER_APPICON_NAME = AppIcon;
				ASSETCATALOG_COMPILER_GLOBAL_ACCENT_COLOR_NAME = AccentColor;
				CODE_SIGN_STYLE = Automatic;
				CURRENT_PROJECT_VERSION = 1;
				DEVELOPMENT_ASSET_PATHS = "\"RawgExpert/Preview Content\"";
				DEVELOPMENT_TEAM = "";
				ENABLE_PREVIEWS = YES;
				ENABLE_USER_SCRIPT_SANDBOXING = NO;
				GENERATE_INFOPLIST_FILE = YES;
				INFOPLIST_FILE = RawgExpert/Info.plist;
				INFOPLIST_KEY_UIApplicationSceneManifest_Generation = YES;
				INFOPLIST_KEY_UIApplicationSupportsIndirectInputEvents = YES;
				INFOPLIST_KEY_UILaunchScreen_Generation = YES;
				INFOPLIST_KEY_UISupportedInterfaceOrientations_iPad = "UIInterfaceOrientationPortrait UIInterfaceOrientationPortraitUpsideDown UIInterfaceOrientationLandscapeLeft UIInterfaceOrientationLandscapeRight";
				INFOPLIST_KEY_UISupportedInterfaceOrientations_iPhone = "UIInterfaceOrientationPortrait UIInterfaceOrientationLandscapeLeft UIInterfaceOrientationLandscapeRight";
				LD_RUNPATH_SEARCH_PATHS = (
					"$(inherited)",
					"@executable_path/Frameworks",
				);
				MARKETING_VERSION = 1.0;
				PRODUCT_BUNDLE_IDENTIFIER = com.dicoding.RawgExpert;
				PRODUCT_NAME = "$(TARGET_NAME)";
				SWIFT_EMIT_LOC_STRINGS = YES;
				SWIFT_VERSION = 5.0;
				TARGETED_DEVICE_FAMILY = "1,2";
			};
			name = Release;
		};
		3777052E2B4EF2F000AF6D3D /* Debug */ = {
			isa = XCBuildConfiguration;
			buildSettings = {
				BUNDLE_LOADER = "$(TEST_HOST)";
				CODE_SIGN_STYLE = Automatic;
				CURRENT_PROJECT_VERSION = 1;
				GENERATE_INFOPLIST_FILE = YES;
				MARKETING_VERSION = 1.0;
				PRODUCT_BUNDLE_IDENTIFIER = com.dicoding.RawgExpertTests;
				PRODUCT_NAME = "$(TARGET_NAME)";
				SWIFT_EMIT_LOC_STRINGS = NO;
				SWIFT_VERSION = 5.0;
				TARGETED_DEVICE_FAMILY = "1,2";
				TEST_HOST = "$(BUILT_PRODUCTS_DIR)/RawgExpert.app/$(BUNDLE_EXECUTABLE_FOLDER_PATH)/RawgExpert";
			};
			name = Debug;
		};
		3777052F2B4EF2F000AF6D3D /* Release */ = {
			isa = XCBuildConfiguration;
			buildSettings = {
				BUNDLE_LOADER = "$(TEST_HOST)";
				CODE_SIGN_STYLE = Automatic;
				CURRENT_PROJECT_VERSION = 1;
				GENERATE_INFOPLIST_FILE = YES;
				MARKETING_VERSION = 1.0;
				PRODUCT_BUNDLE_IDENTIFIER = com.dicoding.RawgExpertTests;
				PRODUCT_NAME = "$(TARGET_NAME)";
				SWIFT_EMIT_LOC_STRINGS = NO;
				SWIFT_VERSION = 5.0;
				TARGETED_DEVICE_FAMILY = "1,2";
				TEST_HOST = "$(BUILT_PRODUCTS_DIR)/RawgExpert.app/$(BUNDLE_EXECUTABLE_FOLDER_PATH)/RawgExpert";
			};
			name = Release;
		};
/* End XCBuildConfiguration section */

/* Begin XCConfigurationList section */
		377704F12B4BAE7F00AF6D3D /* Build configuration list for PBXProject "RawgExpert" */ = {
			isa = XCConfigurationList;
			buildConfigurations = (
				377705022B4BAE8100AF6D3D /* Debug */,
				377705032B4BAE8100AF6D3D /* Release */,
			);
			defaultConfigurationIsVisible = 0;
			defaultConfigurationName = Release;
		};
		377705042B4BAE8100AF6D3D /* Build configuration list for PBXNativeTarget "RawgExpert" */ = {
			isa = XCConfigurationList;
			buildConfigurations = (
				377705052B4BAE8100AF6D3D /* Debug */,
				377705062B4BAE8100AF6D3D /* Release */,
			);
			defaultConfigurationIsVisible = 0;
			defaultConfigurationName = Release;
		};
		3777052D2B4EF2F000AF6D3D /* Build configuration list for PBXNativeTarget "RawgExpertTests" */ = {
			isa = XCConfigurationList;
			buildConfigurations = (
				3777052E2B4EF2F000AF6D3D /* Debug */,
				3777052F2B4EF2F000AF6D3D /* Release */,
			);
			defaultConfigurationIsVisible = 0;
			defaultConfigurationName = Release;
		};
/* End XCConfigurationList section */

/* Begin XCLocalSwiftPackageReference section */
		37BF5A4A2B60EA700046D4D4 /* XCLocalSwiftPackageReference "../Module/Detail" */ = {
			isa = XCLocalSwiftPackageReference;
			relativePath = ../Module/Detail;
		};
		37BF5A4D2B60EA910046D4D4 /* XCLocalSwiftPackageReference "../Module/Favorite" */ = {
			isa = XCLocalSwiftPackageReference;
			relativePath = ../Module/Favorite;
		};
		37BF5A502B60EB3B0046D4D4 /* XCLocalSwiftPackageReference "../Module/Games" */ = {
			isa = XCLocalSwiftPackageReference;
			relativePath = ../Module/Games;
		};
		37BF5A5A2B60EE320046D4D4 /* XCLocalSwiftPackageReference "../Module/Core" */ = {
			isa = XCLocalSwiftPackageReference;
			relativePath = ../Module/Core;
		};
/* End XCLocalSwiftPackageReference section */

/* Begin XCRemoteSwiftPackageReference section */
		3765646B2B51277300236EDD /* XCRemoteSwiftPackageReference "realm-swift" */ = {
			isa = XCRemoteSwiftPackageReference;
			repositoryURL = "https://github.com/realm/realm-swift";
			requirement = {
				branch = master;
				kind = branch;
			};
		};
		3765646E2B512A3500236EDD /* XCRemoteSwiftPackageReference "realm-core" */ = {
			isa = XCRemoteSwiftPackageReference;
			repositoryURL = "https://github.com/realm/realm-core";
			requirement = {
				kind = upToNextMajorVersion;
				minimumVersion = 13.25.1;
			};
		};
		377705092B4BB03F00AF6D3D /* XCRemoteSwiftPackageReference "Alamofire" */ = {
			isa = XCRemoteSwiftPackageReference;
			repositoryURL = "https://github.com/Alamofire/Alamofire";
			requirement = {
				kind = upToNextMajorVersion;
				minimumVersion = 5.8.1;
			};
		};
/* End XCRemoteSwiftPackageReference section */

/* Begin XCSwiftPackageProductDependency section */
		3765646F2B512A3500236EDD /* RealmCapi */ = {
			isa = XCSwiftPackageProductDependency;
			package = 3765646E2B512A3500236EDD /* XCRemoteSwiftPackageReference "realm-core" */;
			productName = RealmCapi;
		};
		376564712B512A3500236EDD /* RealmCore */ = {
			isa = XCSwiftPackageProductDependency;
			package = 3765646E2B512A3500236EDD /* XCRemoteSwiftPackageReference "realm-core" */;
			productName = RealmCore;
		};
		376564732B512A3500236EDD /* RealmFFI */ = {
			isa = XCSwiftPackageProductDependency;
			package = 3765646E2B512A3500236EDD /* XCRemoteSwiftPackageReference "realm-core" */;
			productName = RealmFFI;
		};
		376564752B512A3500236EDD /* RealmQueryParser */ = {
			isa = XCSwiftPackageProductDependency;
			package = 3765646E2B512A3500236EDD /* XCRemoteSwiftPackageReference "realm-core" */;
			productName = RealmQueryParser;
		};
		376564772B512C2D00236EDD /* Realm */ = {
			isa = XCSwiftPackageProductDependency;
			package = 3765646B2B51277300236EDD /* XCRemoteSwiftPackageReference "realm-swift" */;
			productName = Realm;
		};
		376564792B512C2D00236EDD /* RealmSwift */ = {
			isa = XCSwiftPackageProductDependency;
			package = 3765646B2B51277300236EDD /* XCRemoteSwiftPackageReference "realm-swift" */;
			productName = RealmSwift;
		};
		3777050A2B4BB03F00AF6D3D /* Alamofire */ = {
			isa = XCSwiftPackageProductDependency;
			package = 377705092B4BB03F00AF6D3D /* XCRemoteSwiftPackageReference "Alamofire" */;
			productName = Alamofire;
		};
		37BF5A4B2B60EA700046D4D4 /* Detail */ = {
			isa = XCSwiftPackageProductDependency;
			productName = Detail;
		};
		37BF5A4E2B60EA910046D4D4 /* Favorite */ = {
			isa = XCSwiftPackageProductDependency;
			productName = Favorite;
		};
		37BF5A512B60EB3B0046D4D4 /* Games */ = {
			isa = XCSwiftPackageProductDependency;
			productName = Games;
		};
		37BF5A5B2B60EE320046D4D4 /* Core */ = {
			isa = XCSwiftPackageProductDependency;
			productName = Core;
		};
/* End XCSwiftPackageProductDependency section */
	};
	rootObject = 377704EE2B4BAE7F00AF6D3D /* Project object */;
}
